// !$*UTF8*$!
{
	archiveVersion = 1;
	classes = {
	};
	objectVersion = 50;
	objects = {

/* Begin PBXBuildFile section */
		44805F792559040D000752F7 /* AppDelegate.swift in Sources */ = {isa = PBXBuildFile; fileRef = 44805F782559040D000752F7 /* AppDelegate.swift */; };
		44805F7B2559040D000752F7 /* SceneDelegate.swift in Sources */ = {isa = PBXBuildFile; fileRef = 44805F7A2559040D000752F7 /* SceneDelegate.swift */; };
		44805F8225590411000752F7 /* Assets.xcassets in Resources */ = {isa = PBXBuildFile; fileRef = 44805F8125590411000752F7 /* Assets.xcassets */; };
		44805F8525590411000752F7 /* LaunchScreen.storyboard in Resources */ = {isa = PBXBuildFile; fileRef = 44805F8325590411000752F7 /* LaunchScreen.storyboard */; };
		44805F9325591461000752F7 /* HomeViewController.swift in Sources */ = {isa = PBXBuildFile; fileRef = 44805F9225591461000752F7 /* HomeViewController.swift */; };
		44805F9925594292000752F7 /* DataViewController.swift in Sources */ = {isa = PBXBuildFile; fileRef = 44805F9825594292000752F7 /* DataViewController.swift */; };
		44805F9B2559429F000752F7 /* DetailViewController.swift in Sources */ = {isa = PBXBuildFile; fileRef = 44805F9A2559429F000752F7 /* DetailViewController.swift */; };
		44805F9E255969F5000752F7 /* ListTableViewCell.swift in Sources */ = {isa = PBXBuildFile; fileRef = 44805F9D255969F5000752F7 /* ListTableViewCell.swift */; };
		44805FA125596DA4000752F7 /* Extension.swift in Sources */ = {isa = PBXBuildFile; fileRef = 44805FA025596DA4000752F7 /* Extension.swift */; };
		44805FA325596E4F000752F7 /* Structure.swift in Sources */ = {isa = PBXBuildFile; fileRef = 44805FA225596E4F000752F7 /* Structure.swift */; };
		44805FA5255970D1000752F7 /* ListWithDescriptionTableViewCell.swift in Sources */ = {isa = PBXBuildFile; fileRef = 44805FA4255970D1000752F7 /* ListWithDescriptionTableViewCell.swift */; };
		44805FA8255A9EC7000752F7 /* CIBoxBlurVC.swift in Sources */ = {isa = PBXBuildFile; fileRef = 44805FA7255A9EC7000752F7 /* CIBoxBlurVC.swift */; };
		44847BBD255E4A6F009B9219 /* CIGammaAdjustVC.swift in Sources */ = {isa = PBXBuildFile; fileRef = 44847BBC255E4A6F009B9219 /* CIGammaAdjustVC.swift */; };
		44847BBF255E4D8B009B9219 /* CIHueAdjustVC.swift in Sources */ = {isa = PBXBuildFile; fileRef = 44847BBE255E4D8B009B9219 /* CIHueAdjustVC.swift */; };
		44847BC1255E4F2A009B9219 /* CILinearToSRGBToneCurveVC.swift in Sources */ = {isa = PBXBuildFile; fileRef = 44847BC0255E4F2A009B9219 /* CILinearToSRGBToneCurveVC.swift */; };
		44C205B3255E72C000F58F10 /* CIVibranceVC.swift in Sources */ = {isa = PBXBuildFile; fileRef = 44C205B2255E72C000F58F10 /* CIVibranceVC.swift */; };
		44CFF1EF255B897D000A9787 /* CIDiscBlurVC.swift in Sources */ = {isa = PBXBuildFile; fileRef = 44CFF1EE255B897D000A9787 /* CIDiscBlurVC.swift */; };
		44CFF1F1255B89DA000A9787 /* CIGaussianBlurVC.swift in Sources */ = {isa = PBXBuildFile; fileRef = 44CFF1F0255B89DA000A9787 /* CIGaussianBlurVC.swift */; };
		44CFF1F3255B8C0E000A9787 /* CIMedianFilterVC.swift in Sources */ = {isa = PBXBuildFile; fileRef = 44CFF1F2255B8C0E000A9787 /* CIMedianFilterVC.swift */; };
		44CFF1F8255BA319000A9787 /* CIFilters.swift in Sources */ = {isa = PBXBuildFile; fileRef = 44CFF1F7255BA319000A9787 /* CIFilters.swift */; };
		44CFF1FA255BB37C000A9787 /* CIMotionBlurVC.swift in Sources */ = {isa = PBXBuildFile; fileRef = 44CFF1F9255BB37C000A9787 /* CIMotionBlurVC.swift */; };
		44CFF1FC255BB973000A9787 /* CINoiseReductionVC.swift in Sources */ = {isa = PBXBuildFile; fileRef = 44CFF1FB255BB973000A9787 /* CINoiseReductionVC.swift */; };
		44CFF1FE255BC13E000A9787 /* CIZoomBlurVC.swift in Sources */ = {isa = PBXBuildFile; fileRef = 44CFF1FD255BC13E000A9787 /* CIZoomBlurVC.swift */; };
		44CFF202255BF2AB000A9787 /* CIColorClampVC.swift in Sources */ = {isa = PBXBuildFile; fileRef = 44CFF201255BF2AB000A9787 /* CIColorClampVC.swift */; };
		44FF1F9A255E1C38000F200C /* CIColorControlVC.swift in Sources */ = {isa = PBXBuildFile; fileRef = 44FF1F99255E1C38000F200C /* CIColorControlVC.swift */; };
		44FF1F9C255E2A32000F200C /* CIColorPolynomialVC.swift in Sources */ = {isa = PBXBuildFile; fileRef = 44FF1F9B255E2A32000F200C /* CIColorPolynomialVC.swift */; };
		44FF1F9E255E30D9000F200C /* CIExposureAdjustVC.swift in Sources */ = {isa = PBXBuildFile; fileRef = 44FF1F9D255E30D9000F200C /* CIExposureAdjustVC.swift */; };
/* End PBXBuildFile section */

/* Begin PBXFileReference section */
		44805F752559040D000752F7 /* CoreImageFilters.app */ = {isa = PBXFileReference; explicitFileType = wrapper.application; includeInIndex = 0; path = CoreImageFilters.app; sourceTree = BUILT_PRODUCTS_DIR; };
		44805F782559040D000752F7 /* AppDelegate.swift */ = {isa = PBXFileReference; lastKnownFileType = sourcecode.swift; path = AppDelegate.swift; sourceTree = "<group>"; };
		44805F7A2559040D000752F7 /* SceneDelegate.swift */ = {isa = PBXFileReference; lastKnownFileType = sourcecode.swift; path = SceneDelegate.swift; sourceTree = "<group>"; };
		44805F8125590411000752F7 /* Assets.xcassets */ = {isa = PBXFileReference; lastKnownFileType = folder.assetcatalog; path = Assets.xcassets; sourceTree = "<group>"; };
		44805F8425590411000752F7 /* Base */ = {isa = PBXFileReference; lastKnownFileType = file.storyboard; name = Base; path = Base.lproj/LaunchScreen.storyboard; sourceTree = "<group>"; };
		44805F8625590411000752F7 /* Info.plist */ = {isa = PBXFileReference; lastKnownFileType = text.plist.xml; path = Info.plist; sourceTree = "<group>"; };
		44805F9225591461000752F7 /* HomeViewController.swift */ = {isa = PBXFileReference; lastKnownFileType = sourcecode.swift; path = HomeViewController.swift; sourceTree = "<group>"; };
		44805F9825594292000752F7 /* DataViewController.swift */ = {isa = PBXFileReference; lastKnownFileType = sourcecode.swift; path = DataViewController.swift; sourceTree = "<group>"; };
		44805F9A2559429F000752F7 /* DetailViewController.swift */ = {isa = PBXFileReference; lastKnownFileType = sourcecode.swift; path = DetailViewController.swift; sourceTree = "<group>"; };
		44805F9D255969F5000752F7 /* ListTableViewCell.swift */ = {isa = PBXFileReference; lastKnownFileType = sourcecode.swift; path = ListTableViewCell.swift; sourceTree = "<group>"; };
		44805FA025596DA4000752F7 /* Extension.swift */ = {isa = PBXFileReference; lastKnownFileType = sourcecode.swift; path = Extension.swift; sourceTree = "<group>"; };
		44805FA225596E4F000752F7 /* Structure.swift */ = {isa = PBXFileReference; lastKnownFileType = sourcecode.swift; path = Structure.swift; sourceTree = "<group>"; };
		44805FA4255970D1000752F7 /* ListWithDescriptionTableViewCell.swift */ = {isa = PBXFileReference; lastKnownFileType = sourcecode.swift; path = ListWithDescriptionTableViewCell.swift; sourceTree = "<group>"; };
		44805FA7255A9EC7000752F7 /* CIBoxBlurVC.swift */ = {isa = PBXFileReference; lastKnownFileType = sourcecode.swift; path = CIBoxBlurVC.swift; sourceTree = "<group>"; };
		44847BBC255E4A6F009B9219 /* CIGammaAdjustVC.swift */ = {isa = PBXFileReference; lastKnownFileType = sourcecode.swift; path = CIGammaAdjustVC.swift; sourceTree = "<group>"; };
		44847BBE255E4D8B009B9219 /* CIHueAdjustVC.swift */ = {isa = PBXFileReference; lastKnownFileType = sourcecode.swift; path = CIHueAdjustVC.swift; sourceTree = "<group>"; };
		44847BC0255E4F2A009B9219 /* CILinearToSRGBToneCurveVC.swift */ = {isa = PBXFileReference; lastKnownFileType = sourcecode.swift; path = CILinearToSRGBToneCurveVC.swift; sourceTree = "<group>"; };
		44C205B2255E72C000F58F10 /* CIVibranceVC.swift */ = {isa = PBXFileReference; lastKnownFileType = sourcecode.swift; path = CIVibranceVC.swift; sourceTree = "<group>"; };
		44CFF1EE255B897D000A9787 /* CIDiscBlurVC.swift */ = {isa = PBXFileReference; lastKnownFileType = sourcecode.swift; path = CIDiscBlurVC.swift; sourceTree = "<group>"; };
		44CFF1F0255B89DA000A9787 /* CIGaussianBlurVC.swift */ = {isa = PBXFileReference; lastKnownFileType = sourcecode.swift; path = CIGaussianBlurVC.swift; sourceTree = "<group>"; };
		44CFF1F2255B8C0E000A9787 /* CIMedianFilterVC.swift */ = {isa = PBXFileReference; lastKnownFileType = sourcecode.swift; path = CIMedianFilterVC.swift; sourceTree = "<group>"; };
		44CFF1F7255BA319000A9787 /* CIFilters.swift */ = {isa = PBXFileReference; lastKnownFileType = sourcecode.swift; path = CIFilters.swift; sourceTree = "<group>"; };
		44CFF1F9255BB37C000A9787 /* CIMotionBlurVC.swift */ = {isa = PBXFileReference; lastKnownFileType = sourcecode.swift; path = CIMotionBlurVC.swift; sourceTree = "<group>"; };
		44CFF1FB255BB973000A9787 /* CINoiseReductionVC.swift */ = {isa = PBXFileReference; lastKnownFileType = sourcecode.swift; path = CINoiseReductionVC.swift; sourceTree = "<group>"; };
		44CFF1FD255BC13E000A9787 /* CIZoomBlurVC.swift */ = {isa = PBXFileReference; lastKnownFileType = sourcecode.swift; path = CIZoomBlurVC.swift; sourceTree = "<group>"; };
		44CFF201255BF2AB000A9787 /* CIColorClampVC.swift */ = {isa = PBXFileReference; lastKnownFileType = sourcecode.swift; path = CIColorClampVC.swift; sourceTree = "<group>"; };
		44FF1F99255E1C38000F200C /* CIColorControlVC.swift */ = {isa = PBXFileReference; lastKnownFileType = sourcecode.swift; path = CIColorControlVC.swift; sourceTree = "<group>"; };
		44FF1F9B255E2A32000F200C /* CIColorPolynomialVC.swift */ = {isa = PBXFileReference; lastKnownFileType = sourcecode.swift; path = CIColorPolynomialVC.swift; sourceTree = "<group>"; };
		44FF1F9D255E30D9000F200C /* CIExposureAdjustVC.swift */ = {isa = PBXFileReference; lastKnownFileType = sourcecode.swift; path = CIExposureAdjustVC.swift; sourceTree = "<group>"; };
/* End PBXFileReference section */

/* Begin PBXFrameworksBuildPhase section */
		44805F722559040D000752F7 /* Frameworks */ = {
			isa = PBXFrameworksBuildPhase;
			buildActionMask = 2147483647;
			files = (
			);
			runOnlyForDeploymentPostprocessing = 0;
		};
/* End PBXFrameworksBuildPhase section */

/* Begin PBXGroup section */
		44805F6C2559040D000752F7 = {
			isa = PBXGroup;
			children = (
				44805F772559040D000752F7 /* CoreImageFilters */,
				44805F762559040D000752F7 /* Products */,
			);
			sourceTree = "<group>";
		};
		44805F762559040D000752F7 /* Products */ = {
			isa = PBXGroup;
			children = (
				44805F752559040D000752F7 /* CoreImageFilters.app */,
			);
			name = Products;
			sourceTree = "<group>";
		};
		44805F772559040D000752F7 /* CoreImageFilters */ = {
			isa = PBXGroup;
			children = (
				44805F9F25596D97000752F7 /* Utils */,
				44805F9C25596905000752F7 /* Views */,
				44805F8F25591424000752F7 /* Navigation */,
				44805FA6255A9E9B000752F7 /* Controller */,
				44805F782559040D000752F7 /* AppDelegate.swift */,
				44805F7A2559040D000752F7 /* SceneDelegate.swift */,
				44805F8125590411000752F7 /* Assets.xcassets */,
				44805F8325590411000752F7 /* LaunchScreen.storyboard */,
				44805F8625590411000752F7 /* Info.plist */,
			);
			path = CoreImageFilters;
			sourceTree = "<group>";
		};
		44805F8F25591424000752F7 /* Navigation */ = {
			isa = PBXGroup;
			children = (
				44805F9225591461000752F7 /* HomeViewController.swift */,
				44805F9825594292000752F7 /* DataViewController.swift */,
				44805F9A2559429F000752F7 /* DetailViewController.swift */,
			);
			path = Navigation;
			sourceTree = "<group>";
		};
		44805F9C25596905000752F7 /* Views */ = {
			isa = PBXGroup;
			children = (
				44805F9D255969F5000752F7 /* ListTableViewCell.swift */,
				44805FA4255970D1000752F7 /* ListWithDescriptionTableViewCell.swift */,
			);
			path = Views;
			sourceTree = "<group>";
		};
		44805F9F25596D97000752F7 /* Utils */ = {
			isa = PBXGroup;
			children = (
				44805FA025596DA4000752F7 /* Extension.swift */,
				44805FA225596E4F000752F7 /* Structure.swift */,
				44CFF1F7255BA319000A9787 /* CIFilters.swift */,
			);
			path = Utils;
			sourceTree = "<group>";
		};
		44805FA6255A9E9B000752F7 /* Controller */ = {
			isa = PBXGroup;
			children = (
				44CFF200255BF16C000A9787 /* Color Adjustment */,
				44CFF1FF255BEFE4000A9787 /* Blur */,
			);
			path = Controller;
			sourceTree = "<group>";
		};
		44CFF1FF255BEFE4000A9787 /* Blur */ = {
			isa = PBXGroup;
			children = (
				44805FA7255A9EC7000752F7 /* CIBoxBlurVC.swift */,
				44CFF1EE255B897D000A9787 /* CIDiscBlurVC.swift */,
				44CFF1F0255B89DA000A9787 /* CIGaussianBlurVC.swift */,
				44CFF1F2255B8C0E000A9787 /* CIMedianFilterVC.swift */,
				44CFF1F9255BB37C000A9787 /* CIMotionBlurVC.swift */,
				44CFF1FB255BB973000A9787 /* CINoiseReductionVC.swift */,
				44CFF1FD255BC13E000A9787 /* CIZoomBlurVC.swift */,
			);
			path = Blur;
			sourceTree = "<group>";
		};
		44CFF200255BF16C000A9787 /* Color Adjustment */ = {
			isa = PBXGroup;
			children = (
				44CFF201255BF2AB000A9787 /* CIColorClampVC.swift */,
				44FF1F99255E1C38000F200C /* CIColorControlVC.swift */,
				44FF1F9B255E2A32000F200C /* CIColorPolynomialVC.swift */,
				44FF1F9D255E30D9000F200C /* CIExposureAdjustVC.swift */,
				44847BBC255E4A6F009B9219 /* CIGammaAdjustVC.swift */,
				44847BBE255E4D8B009B9219 /* CIHueAdjustVC.swift */,
				44847BC0255E4F2A009B9219 /* CILinearToSRGBToneCurveVC.swift */,
				44C205B2255E72C000F58F10 /* CIVibranceVC.swift */,
			);
			path = "Color Adjustment";
			sourceTree = "<group>";
		};
/* End PBXGroup section */

/* Begin PBXNativeTarget section */
		44805F742559040D000752F7 /* CoreImageFilters */ = {
			isa = PBXNativeTarget;
			buildConfigurationList = 44805F8925590411000752F7 /* Build configuration list for PBXNativeTarget "CoreImageFilters" */;
			buildPhases = (
				44805F712559040D000752F7 /* Sources */,
				44805F722559040D000752F7 /* Frameworks */,
				44805F732559040D000752F7 /* Resources */,
			);
			buildRules = (
			);
			dependencies = (
			);
			name = CoreImageFilters;
			productName = CoreImageFilters;
			productReference = 44805F752559040D000752F7 /* CoreImageFilters.app */;
			productType = "com.apple.product-type.application";
		};
/* End PBXNativeTarget section */

/* Begin PBXProject section */
		44805F6D2559040D000752F7 /* Project object */ = {
			isa = PBXProject;
			attributes = {
				LastSwiftUpdateCheck = 1160;
				LastUpgradeCheck = 1160;
				ORGANIZATIONNAME = "Dheeraj Kumar Sharma";
				TargetAttributes = {
					44805F742559040D000752F7 = {
						CreatedOnToolsVersion = 11.6;
					};
				};
			};
			buildConfigurationList = 44805F702559040D000752F7 /* Build configuration list for PBXProject "CoreImageFilters" */;
			compatibilityVersion = "Xcode 9.3";
			developmentRegion = en;
			hasScannedForEncodings = 0;
			knownRegions = (
				en,
				Base,
			);
			mainGroup = 44805F6C2559040D000752F7;
			productRefGroup = 44805F762559040D000752F7 /* Products */;
			projectDirPath = "";
			projectRoot = "";
			targets = (
				44805F742559040D000752F7 /* CoreImageFilters */,
			);
		};
/* End PBXProject section */

/* Begin PBXResourcesBuildPhase section */
		44805F732559040D000752F7 /* Resources */ = {
			isa = PBXResourcesBuildPhase;
			buildActionMask = 2147483647;
			files = (
				44805F8525590411000752F7 /* LaunchScreen.storyboard in Resources */,
				44805F8225590411000752F7 /* Assets.xcassets in Resources */,
			);
			runOnlyForDeploymentPostprocessing = 0;
		};
/* End PBXResourcesBuildPhase section */

/* Begin PBXSourcesBuildPhase section */
		44805F712559040D000752F7 /* Sources */ = {
			isa = PBXSourcesBuildPhase;
			buildActionMask = 2147483647;
			files = (
				44CFF1EF255B897D000A9787 /* CIDiscBlurVC.swift in Sources */,
				44FF1F9E255E30D9000F200C /* CIExposureAdjustVC.swift in Sources */,
				44805F9325591461000752F7 /* HomeViewController.swift in Sources */,
				44C205B3255E72C000F58F10 /* CIVibranceVC.swift in Sources */,
				44CFF1FA255BB37C000A9787 /* CIMotionBlurVC.swift in Sources */,
				44CFF1FC255BB973000A9787 /* CINoiseReductionVC.swift in Sources */,
				44CFF1F1255B89DA000A9787 /* CIGaussianBlurVC.swift in Sources */,
				44847BC1255E4F2A009B9219 /* CILinearToSRGBToneCurveVC.swift in Sources */,
				44CFF1FE255BC13E000A9787 /* CIZoomBlurVC.swift in Sources */,
				44805FA5255970D1000752F7 /* ListWithDescriptionTableViewCell.swift in Sources */,
				44805F792559040D000752F7 /* AppDelegate.swift in Sources */,
				44FF1F9C255E2A32000F200C /* CIColorPolynomialVC.swift in Sources */,
				44805FA125596DA4000752F7 /* Extension.swift in Sources */,
				44847BBD255E4A6F009B9219 /* CIGammaAdjustVC.swift in Sources */,
				44FF1F9A255E1C38000F200C /* CIColorControlVC.swift in Sources */,
				44847BBF255E4D8B009B9219 /* CIHueAdjustVC.swift in Sources */,
				44805FA325596E4F000752F7 /* Structure.swift in Sources */,
				44805F7B2559040D000752F7 /* SceneDelegate.swift in Sources */,
				44805F9925594292000752F7 /* DataViewController.swift in Sources */,
				44805FA8255A9EC7000752F7 /* CIBoxBlurVC.swift in Sources */,
				44805F9B2559429F000752F7 /* DetailViewController.swift in Sources */,
				44CFF202255BF2AB000A9787 /* CIColorClampVC.swift in Sources */,
				44CFF1F3255B8C0E000A9787 /* CIMedianFilterVC.swift in Sources */,
				44805F9E255969F5000752F7 /* ListTableViewCell.swift in Sources */,
				44CFF1F8255BA319000A9787 /* CIFilters.swift in Sources */,
			);
			runOnlyForDeploymentPostprocessing = 0;
		};
/* End PBXSourcesBuildPhase section */

/* Begin PBXVariantGroup section */
		44805F8325590411000752F7 /* LaunchScreen.storyboard */ = {
			isa = PBXVariantGroup;
			children = (
				44805F8425590411000752F7 /* Base */,
			);
			name = LaunchScreen.storyboard;
			sourceTree = "<group>";
		};
/* End PBXVariantGroup section */

/* Begin XCBuildConfiguration section */
		44805F8725590411000752F7 /* Debug */ = {
			isa = XCBuildConfiguration;
			buildSettings = {
				ALWAYS_SEARCH_USER_PATHS = NO;
				CLANG_ANALYZER_NONNULL = YES;
				CLANG_ANALYZER_NUMBER_OBJECT_CONVERSION = YES_AGGRESSIVE;
				CLANG_CXX_LANGUAGE_STANDARD = "gnu++14";
				CLANG_CXX_LIBRARY = "libc++";
				CLANG_ENABLE_MODULES = YES;
				CLANG_ENABLE_OBJC_ARC = YES;
				CLANG_ENABLE_OBJC_WEAK = YES;
				CLANG_WARN_BLOCK_CAPTURE_AUTORELEASING = YES;
				CLANG_WARN_BOOL_CONVERSION = YES;
				CLANG_WARN_COMMA = YES;
				CLANG_WARN_CONSTANT_CONVERSION = YES;
				CLANG_WARN_DEPRECATED_OBJC_IMPLEMENTATIONS = YES;
				CLANG_WARN_DIRECT_OBJC_ISA_USAGE = YES_ERROR;
				CLANG_WARN_DOCUMENTATION_COMMENTS = YES;
				CLANG_WARN_EMPTY_BODY = YES;
				CLANG_WARN_ENUM_CONVERSION = YES;
				CLANG_WARN_INFINITE_RECURSION = YES;
				CLANG_WARN_INT_CONVERSION = YES;
				CLANG_WARN_NON_LITERAL_NULL_CONVERSION = YES;
				CLANG_WARN_OBJC_IMPLICIT_RETAIN_SELF = YES;
				CLANG_WARN_OBJC_LITERAL_CONVERSION = YES;
				CLANG_WARN_OBJC_ROOT_CLASS = YES_ERROR;
				CLANG_WARN_RANGE_LOOP_ANALYSIS = YES;
				CLANG_WARN_STRICT_PROTOTYPES = YES;
				CLANG_WARN_SUSPICIOUS_MOVE = YES;
				CLANG_WARN_UNGUARDED_AVAILABILITY = YES_AGGRESSIVE;
				CLANG_WARN_UNREACHABLE_CODE = YES;
				CLANG_WARN__DUPLICATE_METHOD_MATCH = YES;
				COPY_PHASE_STRIP = NO;
				DEBUG_INFORMATION_FORMAT = dwarf;
				ENABLE_STRICT_OBJC_MSGSEND = YES;
				ENABLE_TESTABILITY = YES;
				GCC_C_LANGUAGE_STANDARD = gnu11;
				GCC_DYNAMIC_NO_PIC = NO;
				GCC_NO_COMMON_BLOCKS = YES;
				GCC_OPTIMIZATION_LEVEL = 0;
				GCC_PREPROCESSOR_DEFINITIONS = (
					"DEBUG=1",
					"$(inherited)",
				);
				GCC_WARN_64_TO_32_BIT_CONVERSION = YES;
				GCC_WARN_ABOUT_RETURN_TYPE = YES_ERROR;
				GCC_WARN_UNDECLARED_SELECTOR = YES;
				GCC_WARN_UNINITIALIZED_AUTOS = YES_AGGRESSIVE;
				GCC_WARN_UNUSED_FUNCTION = YES;
				GCC_WARN_UNUSED_VARIABLE = YES;
				IPHONEOS_DEPLOYMENT_TARGET = 13.6;
				MTL_ENABLE_DEBUG_INFO = INCLUDE_SOURCE;
				MTL_FAST_MATH = YES;
				ONLY_ACTIVE_ARCH = YES;
				SDKROOT = iphoneos;
				SWIFT_ACTIVE_COMPILATION_CONDITIONS = DEBUG;
				SWIFT_OPTIMIZATION_LEVEL = "-Onone";
			};
			name = Debug;
		};
		44805F8825590411000752F7 /* Release */ = {
			isa = XCBuildConfiguration;
			buildSettings = {
				ALWAYS_SEARCH_USER_PATHS = NO;
				CLANG_ANALYZER_NONNULL = YES;
				CLANG_ANALYZER_NUMBER_OBJECT_CONVERSION = YES_AGGRESSIVE;
				CLANG_CXX_LANGUAGE_STANDARD = "gnu++14";
				CLANG_CXX_LIBRARY = "libc++";
				CLANG_ENABLE_MODULES = YES;
				CLANG_ENABLE_OBJC_ARC = YES;
				CLANG_ENABLE_OBJC_WEAK = YES;
				CLANG_WARN_BLOCK_CAPTURE_AUTORELEASING = YES;
				CLANG_WARN_BOOL_CONVERSION = YES;
				CLANG_WARN_COMMA = YES;
				CLANG_WARN_CONSTANT_CONVERSION = YES;
				CLANG_WARN_DEPRECATED_OBJC_IMPLEMENTATIONS = YES;
				CLANG_WARN_DIRECT_OBJC_ISA_USAGE = YES_ERROR;
				CLANG_WARN_DOCUMENTATION_COMMENTS = YES;
				CLANG_WARN_EMPTY_BODY = YES;
				CLANG_WARN_ENUM_CONVERSION = YES;
				CLANG_WARN_INFINITE_RECURSION = YES;
				CLANG_WARN_INT_CONVERSION = YES;
				CLANG_WARN_NON_LITERAL_NULL_CONVERSION = YES;
				CLANG_WARN_OBJC_IMPLICIT_RETAIN_SELF = YES;
				CLANG_WARN_OBJC_LITERAL_CONVERSION = YES;
				CLANG_WARN_OBJC_ROOT_CLASS = YES_ERROR;
				CLANG_WARN_RANGE_LOOP_ANALYSIS = YES;
				CLANG_WARN_STRICT_PROTOTYPES = YES;
				CLANG_WARN_SUSPICIOUS_MOVE = YES;
				CLANG_WARN_UNGUARDED_AVAILABILITY = YES_AGGRESSIVE;
				CLANG_WARN_UNREACHABLE_CODE = YES;
				CLANG_WARN__DUPLICATE_METHOD_MATCH = YES;
				COPY_PHASE_STRIP = NO;
				DEBUG_INFORMATION_FORMAT = "dwarf-with-dsym";
				ENABLE_NS_ASSERTIONS = NO;
				ENABLE_STRICT_OBJC_MSGSEND = YES;
				GCC_C_LANGUAGE_STANDARD = gnu11;
				GCC_NO_COMMON_BLOCKS = YES;
				GCC_WARN_64_TO_32_BIT_CONVERSION = YES;
				GCC_WARN_ABOUT_RETURN_TYPE = YES_ERROR;
				GCC_WARN_UNDECLARED_SELECTOR = YES;
				GCC_WARN_UNINITIALIZED_AUTOS = YES_AGGRESSIVE;
				GCC_WARN_UNUSED_FUNCTION = YES;
				GCC_WARN_UNUSED_VARIABLE = YES;
				IPHONEOS_DEPLOYMENT_TARGET = 13.6;
				MTL_ENABLE_DEBUG_INFO = NO;
				MTL_FAST_MATH = YES;
				SDKROOT = iphoneos;
				SWIFT_COMPILATION_MODE = wholemodule;
				SWIFT_OPTIMIZATION_LEVEL = "-O";
				VALIDATE_PRODUCT = YES;
			};
			name = Release;
		};
		44805F8A25590411000752F7 /* Debug */ = {
			isa = XCBuildConfiguration;
			buildSettings = {
				ASSETCATALOG_COMPILER_APPICON_NAME = AppIcon;
				CODE_SIGN_STYLE = Automatic;
				DEVELOPMENT_TEAM = 9W5STY688V;
				INFOPLIST_FILE = CoreImageFilters/Info.plist;
				LD_RUNPATH_SEARCH_PATHS = (
					"$(inherited)",
					"@executable_path/Frameworks",
				);
				PRODUCT_BUNDLE_IDENTIFIER = dheerajdev.CoreImageFilters;
				PRODUCT_NAME = "$(TARGET_NAME)";
				SWIFT_VERSION = 5.0;
				TARGETED_DEVICE_FAMILY = "1,2";
			};
			name = Debug;
		};
		44805F8B25590411000752F7 /* Release */ = {
			isa = XCBuildConfiguration;
			buildSettings = {
				ASSETCATALOG_COMPILER_APPICON_NAME = AppIcon;
				CODE_SIGN_STYLE = Automatic;
				DEVELOPMENT_TEAM = 9W5STY688V;
				INFOPLIST_FILE = CoreImageFilters/Info.plist;
				LD_RUNPATH_SEARCH_PATHS = (
					"$(inherited)",
					"@executable_path/Frameworks",
				);
				PRODUCT_BUNDLE_IDENTIFIER = dheerajdev.CoreImageFilters;
				PRODUCT_NAME = "$(TARGET_NAME)";
				SWIFT_VERSION = 5.0;
				TARGETED_DEVICE_FAMILY = "1,2";
			};
			name = Release;
		};
/* End XCBuildConfiguration section */

/* Begin XCConfigurationList section */
		44805F702559040D000752F7 /* Build configuration list for PBXProject "CoreImageFilters" */ = {
			isa = XCConfigurationList;
			buildConfigurations = (
				44805F8725590411000752F7 /* Debug */,
				44805F8825590411000752F7 /* Release */,
			);
			defaultConfigurationIsVisible = 0;
			defaultConfigurationName = Release;
		};
		44805F8925590411000752F7 /* Build configuration list for PBXNativeTarget "CoreImageFilters" */ = {
			isa = XCConfigurationList;
			buildConfigurations = (
				44805F8A25590411000752F7 /* Debug */,
				44805F8B25590411000752F7 /* Release */,
			);
			defaultConfigurationIsVisible = 0;
			defaultConfigurationName = Release;
		};
/* End XCConfigurationList section */
	};
	rootObject = 44805F6D2559040D000752F7 /* Project object */;
}
